{
  "nodes": {
    "nixpkgs": {
      "locked": {
        "lastModified": 1702346276,
        "narHash": "sha256-eAQgwIWApFQ40ipeOjVSoK4TEHVd6nbSd9fApiHIw5A=",
        "owner": "nixos",
        "repo": "nixpkgs",
        "rev": "cf28ee258fd5f9a52de6b9865cdb93a1f96d09b7",
        "type": "github"
      },
      "original": {
        "owner": "nixos",
        "ref": "nixos-23.11",
        "repo": "nixpkgs",
        "type": "github"
      }
    },
    "r-devel-nix": {
      "inputs": {
        "nixpkgs": [
          "nixpkgs"
        ]
      },
      "locked": {
        "lastModified": 1702749786,
        "narHash": "sha256-a1Hr6VIW4fyri6ir+emtejpqNG3rLksxHP2EwzXLGCo=",
        "owner": "wch",
        "repo": "r-devel-nix",
        "rev": "7d9c9fa1b54e90e7b36964bf737e2a40b2a7a7ff",
        "type": "github"
      },
      "original": {
        "owner": "wch",
        "repo": "r-devel-nix",
        "type": "github"
      }
    },
    "root": {
      "inputs": {
        "nixpkgs": "nixpkgs",
        "r-devel-nix": "r-devel-nix"
      }
    }
  },
  "root": "root",
  "version": 7
}
